// !$*UTF8*$!
{
	archiveVersion = 1;
	classes = {
	};
	objectVersion = 48;
	objects = {

/* Begin PBXBuildFile section */
		57071E641F8A333000E3855B /* AppDelegate.swift in Sources */ = {isa = PBXBuildFile; fileRef = 57071E631F8A333000E3855B /* AppDelegate.swift */; };
		57071E661F8A333000E3855B /* ViewController.swift in Sources */ = {isa = PBXBuildFile; fileRef = 57071E651F8A333000E3855B /* ViewController.swift */; };
		57071E691F8A333000E3855B /* Main.storyboard in Resources */ = {isa = PBXBuildFile; fileRef = 57071E671F8A333000E3855B /* Main.storyboard */; };
		57071E6B1F8A333000E3855B /* Assets.xcassets in Resources */ = {isa = PBXBuildFile; fileRef = 57071E6A1F8A333000E3855B /* Assets.xcassets */; };
		57071E6E1F8A333000E3855B /* LaunchScreen.storyboard in Resources */ = {isa = PBXBuildFile; fileRef = 57071E6C1F8A333000E3855B /* LaunchScreen.storyboard */; };
		57071E791F8A333000E3855B /* calculatorTests.swift in Sources */ = {isa = PBXBuildFile; fileRef = 57071E781F8A333000E3855B /* calculatorTests.swift */; };
		57071E841F8A333000E3855B /* calculatorUITests.swift in Sources */ = {isa = PBXBuildFile; fileRef = 57071E831F8A333000E3855B /* calculatorUITests.swift */; };
		D21BBFDF1979D1167E70C4FE /* Pods_calculator.framework in Frameworks */ = {isa = PBXBuildFile; fileRef = 18DA2285BA629AE2547B2882 /* Pods_calculator.framework */; };
/* End PBXBuildFile section */

/* Begin PBXContainerItemProxy section */
		57071E751F8A333000E3855B /* PBXContainerItemProxy */ = {
			isa = PBXContainerItemProxy;
			containerPortal = 57071E581F8A332F00E3855B /* Project object */;
			proxyType = 1;
			remoteGlobalIDString = 57071E5F1F8A333000E3855B;
			remoteInfo = calculator;
		};
		57071E801F8A333000E3855B /* PBXContainerItemProxy */ = {
			isa = PBXContainerItemProxy;
			containerPortal = 57071E581F8A332F00E3855B /* Project object */;
			proxyType = 1;
			remoteGlobalIDString = 57071E5F1F8A333000E3855B;
			remoteInfo = calculator;
		};
/* End PBXContainerItemProxy section */

/* Begin PBXFileReference section */
		16A1558DD3E6D5822921801B /* Pods-calculator.debug.xcconfig */ = {isa = PBXFileReference; includeInIndex = 1; lastKnownFileType = text.xcconfig; name = "Pods-calculator.debug.xcconfig"; path = "Pods/Target Support Files/Pods-calculator/Pods-calculator.debug.xcconfig"; sourceTree = "<group>"; };
		18DA2285BA629AE2547B2882 /* Pods_calculator.framework */ = {isa = PBXFileReference; explicitFileType = wrapper.framework; includeInIndex = 0; path = Pods_calculator.framework; sourceTree = BUILT_PRODUCTS_DIR; };
		362374ED0D9B62A7554B61AE /* Pods-calculator.release.xcconfig */ = {isa = PBXFileReference; includeInIndex = 1; lastKnownFileType = text.xcconfig; name = "Pods-calculator.release.xcconfig"; path = "Pods/Target Support Files/Pods-calculator/Pods-calculator.release.xcconfig"; sourceTree = "<group>"; };
		57071E601F8A333000E3855B /* calculator.app */ = {isa = PBXFileReference; explicitFileType = wrapper.application; includeInIndex = 0; path = calculator.app; sourceTree = BUILT_PRODUCTS_DIR; };
		57071E631F8A333000E3855B /* AppDelegate.swift */ = {isa = PBXFileReference; lastKnownFileType = sourcecode.swift; path = AppDelegate.swift; sourceTree = "<group>"; };
		57071E651F8A333000E3855B /* ViewController.swift */ = {isa = PBXFileReference; lastKnownFileType = sourcecode.swift; path = ViewController.swift; sourceTree = "<group>"; };
		57071E681F8A333000E3855B /* Base */ = {isa = PBXFileReference; lastKnownFileType = file.storyboard; name = Base; path = Base.lproj/Main.storyboard; sourceTree = "<group>"; };
		57071E6A1F8A333000E3855B /* Assets.xcassets */ = {isa = PBXFileReference; lastKnownFileType = folder.assetcatalog; path = Assets.xcassets; sourceTree = "<group>"; };
		57071E6D1F8A333000E3855B /* Base */ = {isa = PBXFileReference; lastKnownFileType = file.storyboard; name = Base; path = Base.lproj/LaunchScreen.storyboard; sourceTree = "<group>"; };
		57071E6F1F8A333000E3855B /* Info.plist */ = {isa = PBXFileReference; lastKnownFileType = text.plist.xml; path = Info.plist; sourceTree = "<group>"; };
		57071E741F8A333000E3855B /* calculatorTests.xctest */ = {isa = PBXFileReference; explicitFileType = wrapper.cfbundle; includeInIndex = 0; path = calculatorTests.xctest; sourceTree = BUILT_PRODUCTS_DIR; };
		57071E781F8A333000E3855B /* calculatorTests.swift */ = {isa = PBXFileReference; lastKnownFileType = sourcecode.swift; path = calculatorTests.swift; sourceTree = "<group>"; };
		57071E7A1F8A333000E3855B /* Info.plist */ = {isa = PBXFileReference; lastKnownFileType = text.plist.xml; path = Info.plist; sourceTree = "<group>"; };
		57071E7F1F8A333000E3855B /* calculatorUITests.xctest */ = {isa = PBXFileReference; explicitFileType = wrapper.cfbundle; includeInIndex = 0; path = calculatorUITests.xctest; sourceTree = BUILT_PRODUCTS_DIR; };
		57071E831F8A333000E3855B /* calculatorUITests.swift */ = {isa = PBXFileReference; lastKnownFileType = sourcecode.swift; path = calculatorUITests.swift; sourceTree = "<group>"; };
		57071E851F8A333000E3855B /* Info.plist */ = {isa = PBXFileReference; lastKnownFileType = text.plist.xml; path = Info.plist; sourceTree = "<group>"; };
/* End PBXFileReference section */

/* Begin PBXFrameworksBuildPhase section */
		57071E5D1F8A333000E3855B /* Frameworks */ = {
			isa = PBXFrameworksBuildPhase;
			buildActionMask = 2147483647;
			files = (
				D21BBFDF1979D1167E70C4FE /* Pods_calculator.framework in Frameworks */,
			);
			runOnlyForDeploymentPostprocessing = 0;
		};
		57071E711F8A333000E3855B /* Frameworks */ = {
			isa = PBXFrameworksBuildPhase;
			buildActionMask = 2147483647;
			files = (
			);
			runOnlyForDeploymentPostprocessing = 0;
		};
		57071E7C1F8A333000E3855B /* Frameworks */ = {
			isa = PBXFrameworksBuildPhase;
			buildActionMask = 2147483647;
			files = (
			);
			runOnlyForDeploymentPostprocessing = 0;
		};
/* End PBXFrameworksBuildPhase section */

/* Begin PBXGroup section */
		57071E571F8A332F00E3855B = {
			isa = PBXGroup;
			children = (
				57071E621F8A333000E3855B /* calculator */,
				57071E771F8A333000E3855B /* calculatorTests */,
				57071E821F8A333000E3855B /* calculatorUITests */,
				57071E611F8A333000E3855B /* Products */,
				A8DF511810050F2F8B7C54F0 /* Pods */,
				CFD114CC8FDE0FF5814DFE36 /* Frameworks */,
			);
			sourceTree = "<group>";
		};
		57071E611F8A333000E3855B /* Products */ = {
			isa = PBXGroup;
			children = (
				57071E601F8A333000E3855B /* calculator.app */,
				57071E741F8A333000E3855B /* calculatorTests.xctest */,
				57071E7F1F8A333000E3855B /* calculatorUITests.xctest */,
			);
			name = Products;
			sourceTree = "<group>";
		};
		57071E621F8A333000E3855B /* calculator */ = {
			isa = PBXGroup;
			children = (
				57071E631F8A333000E3855B /* AppDelegate.swift */,
				57071E651F8A333000E3855B /* ViewController.swift */,
				57071E671F8A333000E3855B /* Main.storyboard */,
				57071E6A1F8A333000E3855B /* Assets.xcassets */,
				57071E6C1F8A333000E3855B /* LaunchScreen.storyboard */,
				57071E6F1F8A333000E3855B /* Info.plist */,
			);
			path = calculator;
			sourceTree = "<group>";
		};
		57071E771F8A333000E3855B /* calculatorTests */ = {
			isa = PBXGroup;
			children = (
				57071E781F8A333000E3855B /* calculatorTests.swift */,
				57071E7A1F8A333000E3855B /* Info.plist */,
			);
			path = calculatorTests;
			sourceTree = "<group>";
		};
		57071E821F8A333000E3855B /* calculatorUITests */ = {
			isa = PBXGroup;
			children = (
				57071E831F8A333000E3855B /* calculatorUITests.swift */,
				57071E851F8A333000E3855B /* Info.plist */,
			);
			path = calculatorUITests;
			sourceTree = "<group>";
		};
		A8DF511810050F2F8B7C54F0 /* Pods */ = {
			isa = PBXGroup;
			children = (
				16A1558DD3E6D5822921801B /* Pods-calculator.debug.xcconfig */,
				362374ED0D9B62A7554B61AE /* Pods-calculator.release.xcconfig */,
			);
			name = Pods;
			sourceTree = "<group>";
		};
		CFD114CC8FDE0FF5814DFE36 /* Frameworks */ = {
			isa = PBXGroup;
			children = (
				18DA2285BA629AE2547B2882 /* Pods_calculator.framework */,
			);
			name = Frameworks;
			sourceTree = "<group>";
		};
/* End PBXGroup section */

/* Begin PBXNativeTarget section */
		57071E5F1F8A333000E3855B /* calculator */ = {
			isa = PBXNativeTarget;
			buildConfigurationList = 57071E881F8A333000E3855B /* Build configuration list for PBXNativeTarget "calculator" */;
			buildPhases = (
				A922558A137C56F699FFF9EB /* [CP] Check Pods Manifest.lock */,
				57071E5C1F8A333000E3855B /* Sources */,
				57071E5D1F8A333000E3855B /* Frameworks */,
				57071E5E1F8A333000E3855B /* Resources */,
				4C078CE87C5D446B2A19BCAD /* [CP] Embed Pods Frameworks */,
				3532046675D870550480BF42 /* [CP] Copy Pods Resources */,
			);
			buildRules = (
			);
			dependencies = (
			);
			name = calculator;
			productName = calculator;
			productReference = 57071E601F8A333000E3855B /* calculator.app */;
			productType = "com.apple.product-type.application";
		};
		57071E731F8A333000E3855B /* calculatorTests */ = {
			isa = PBXNativeTarget;
			buildConfigurationList = 57071E8B1F8A333000E3855B /* Build configuration list for PBXNativeTarget "calculatorTests" */;
			buildPhases = (
				57071E701F8A333000E3855B /* Sources */,
				57071E711F8A333000E3855B /* Frameworks */,
				57071E721F8A333000E3855B /* Resources */,
			);
			buildRules = (
			);
			dependencies = (
				57071E761F8A333000E3855B /* PBXTargetDependency */,
			);
			name = calculatorTests;
			productName = calculatorTests;
			productReference = 57071E741F8A333000E3855B /* calculatorTests.xctest */;
			productType = "com.apple.product-type.bundle.unit-test";
		};
		57071E7E1F8A333000E3855B /* calculatorUITests */ = {
			isa = PBXNativeTarget;
			buildConfigurationList = 57071E8E1F8A333000E3855B /* Build configuration list for PBXNativeTarget "calculatorUITests" */;
			buildPhases = (
				57071E7B1F8A333000E3855B /* Sources */,
				57071E7C1F8A333000E3855B /* Frameworks */,
				57071E7D1F8A333000E3855B /* Resources */,
			);
			buildRules = (
			);
			dependencies = (
				57071E811F8A333000E3855B /* PBXTargetDependency */,
			);
			name = calculatorUITests;
			productName = calculatorUITests;
			productReference = 57071E7F1F8A333000E3855B /* calculatorUITests.xctest */;
			productType = "com.apple.product-type.bundle.ui-testing";
		};
/* End PBXNativeTarget section */

/* Begin PBXProject section */
		57071E581F8A332F00E3855B /* Project object */ = {
			isa = PBXProject;
			attributes = {
				LastSwiftUpdateCheck = 0900;
				LastUpgradeCheck = 0900;
				ORGANIZATIONNAME = "Tara Elsen";
				TargetAttributes = {
					57071E5F1F8A333000E3855B = {
						CreatedOnToolsVersion = 9.0;
						ProvisioningStyle = Automatic;
					};
					57071E731F8A333000E3855B = {
						CreatedOnToolsVersion = 9.0;
						ProvisioningStyle = Automatic;
						TestTargetID = 57071E5F1F8A333000E3855B;
					};
					57071E7E1F8A333000E3855B = {
						CreatedOnToolsVersion = 9.0;
						ProvisioningStyle = Automatic;
						TestTargetID = 57071E5F1F8A333000E3855B;
					};
				};
			};
			buildConfigurationList = 57071E5B1F8A332F00E3855B /* Build configuration list for PBXProject "calculator" */;
			compatibilityVersion = "Xcode 8.0";
			developmentRegion = en;
			hasScannedForEncodings = 0;
			knownRegions = (
				en,
				Base,
			);
			mainGroup = 57071E571F8A332F00E3855B;
			productRefGroup = 57071E611F8A333000E3855B /* Products */;
			projectDirPath = "";
			projectRoot = "";
			targets = (
				57071E5F1F8A333000E3855B /* calculator */,
				57071E731F8A333000E3855B /* calculatorTests */,
				57071E7E1F8A333000E3855B /* calculatorUITests */,
			);
		};
/* End PBXProject section */

/* Begin PBXResourcesBuildPhase section */
		57071E5E1F8A333000E3855B /* Resources */ = {
			isa = PBXResourcesBuildPhase;
			buildActionMask = 2147483647;
			files = (
				57071E6E1F8A333000E3855B /* LaunchScreen.storyboard in Resources */,
				57071E6B1F8A333000E3855B /* Assets.xcassets in Resources */,
				57071E691F8A333000E3855B /* Main.storyboard in Resources */,
			);
			runOnlyForDeploymentPostprocessing = 0;
		};
		57071E721F8A333000E3855B /* Resources */ = {
			isa = PBXResourcesBuildPhase;
			buildActionMask = 2147483647;
			files = (
			);
			runOnlyForDeploymentPostprocessing = 0;
		};
		57071E7D1F8A333000E3855B /* Resources */ = {
			isa = PBXResourcesBuildPhase;
			buildActionMask = 2147483647;
			files = (
			);
			runOnlyForDeploymentPostprocessing = 0;
		};
/* End PBXResourcesBuildPhase section */

/* Begin PBXShellScriptBuildPhase section */
		3532046675D870550480BF42 /* [CP] Copy Pods Resources */ = {
			isa = PBXShellScriptBuildPhase;
			buildActionMask = 2147483647;
			files = (
			);
			inputPaths = (
			);
			name = "[CP] Copy Pods Resources";
			outputPaths = (
			);
			runOnlyForDeploymentPostprocessing = 0;
			shellPath = /bin/sh;
			shellScript = "\"${SRCROOT}/Pods/Target Support Files/Pods-calculator/Pods-calculator-resources.sh\"\n";
			showEnvVarsInLog = 0;
		};
		4C078CE87C5D446B2A19BCAD /* [CP] Embed Pods Frameworks */ = {
			isa = PBXShellScriptBuildPhase;
			buildActionMask = 2147483647;
			files = (
			);
			inputPaths = (
				"${SRCROOT}/Pods/Target Support Files/Pods-calculator/Pods-calculator-frameworks.sh",
				"${BUILT_PRODUCTS_DIR}/SVProgressHUD/SVProgressHUD.framework",
			);
			name = "[CP] Embed Pods Frameworks";
			outputPaths = (
				"${TARGET_BUILD_DIR}/${FRAMEWORKS_FOLDER_PATH}/SVProgressHUD.framework",
			);
			runOnlyForDeploymentPostprocessing = 0;
			shellPath = /bin/sh;
			shellScript = "\"${SRCROOT}/Pods/Target Support Files/Pods-calculator/Pods-calculator-frameworks.sh\"\n";
			showEnvVarsInLog = 0;
		};
		A922558A137C56F699FFF9EB /* [CP] Check Pods Manifest.lock */ = {
			isa = PBXShellScriptBuildPhase;
			buildActionMask = 2147483647;
			files = (
			);
			inputPaths = (
				"${PODS_PODFILE_DIR_PATH}/Podfile.lock",
				"${PODS_ROOT}/Manifest.lock",
			);
			name = "[CP] Check Pods Manifest.lock";
			outputPaths = (
				"$(DERIVED_FILE_DIR)/Pods-calculator-checkManifestLockResult.txt",
			);
			runOnlyForDeploymentPostprocessing = 0;
			shellPath = /bin/sh;
			shellScript = "diff \"${PODS_PODFILE_DIR_PATH}/Podfile.lock\" \"${PODS_ROOT}/Manifest.lock\" > /dev/null\nif [ $? != 0 ] ; then\n    # print error to STDERR\n    echo \"error: The sandbox is not in sync with the Podfile.lock. Run 'pod install' or update your CocoaPods installation.\" >&2\n    exit 1\nfi\n# This output is used by Xcode 'outputs' to avoid re-running this script phase.\necho \"SUCCESS\" > \"${SCRIPT_OUTPUT_FILE_0}\"\n";
			showEnvVarsInLog = 0;
		};
/* End PBXShellScriptBuildPhase section */

/* Begin PBXSourcesBuildPhase section */
		57071E5C1F8A333000E3855B /* Sources */ = {
			isa = PBXSourcesBuildPhase;
			buildActionMask = 2147483647;
			files = (
				57071E661F8A333000E3855B /* ViewController.swift in Sources */,
				57071E641F8A333000E3855B /* AppDelegate.swift in Sources */,
			);
			runOnlyForDeploymentPostprocessing = 0;
		};
		57071E701F8A333000E3855B /* Sources */ = {
			isa = PBXSourcesBuildPhase;
			buildActionMask = 2147483647;
			files = (
				57071E791F8A333000E3855B /* calculatorTests.swift in Sources */,
			);
			runOnlyForDeploymentPostprocessing = 0;
		};
		57071E7B1F8A333000E3855B /* Sources */ = {
			isa = PBXSourcesBuildPhase;
			buildActionMask = 2147483647;
			files = (
				57071E841F8A333000E3855B /* calculatorUITests.swift in Sources */,
			);
			runOnlyForDeploymentPostprocessing = 0;
		};
/* End PBXSourcesBuildPhase section */

/* Begin PBXTargetDependency section */
		57071E761F8A333000E3855B /* PBXTargetDependency */ = {
			isa = PBXTargetDependency;
			target = 57071E5F1F8A333000E3855B /* calculator */;
			targetProxy = 57071E751F8A333000E3855B /* PBXContainerItemProxy */;
		};
		57071E811F8A333000E3855B /* PBXTargetDependency */ = {
			isa = PBXTargetDependency;
			target = 57071E5F1F8A333000E3855B /* calculator */;
			targetProxy = 57071E801F8A333000E3855B /* PBXContainerItemProxy */;
		};
/* End PBXTargetDependency section */

/* Begin PBXVariantGroup section */
		57071E671F8A333000E3855B /* Main.storyboard */ = {
			isa = PBXVariantGroup;
			children = (
				57071E681F8A333000E3855B /* Base */,
			);
			name = Main.storyboard;
			sourceTree = "<group>";
		};
		57071E6C1F8A333000E3855B /* LaunchScreen.storyboard */ = {
			isa = PBXVariantGroup;
			children = (
				57071E6D1F8A333000E3855B /* Base */,
			);
			name = LaunchScreen.storyboard;
			sourceTree = "<group>";
		};
/* End PBXVariantGroup section */

/* Begin XCBuildConfiguration section */
		57071E861F8A333000E3855B /* Debug */ = {
			isa = XCBuildConfiguration;
			buildSettings = {
				ALWAYS_SEARCH_USER_PATHS = NO;
				CLANG_ANALYZER_NONNULL = YES;
				CLANG_ANALYZER_NUMBER_OBJECT_CONVERSION = YES_AGGRESSIVE;
				CLANG_CXX_LANGUAGE_STANDARD = "gnu++14";
				CLANG_CXX_LIBRARY = "libc++";
				CLANG_ENABLE_MODULES = YES;
				CLANG_ENABLE_OBJC_ARC = YES;
				CLANG_WARN_BLOCK_CAPTURE_AUTORELEASING = YES;
				CLANG_WARN_BOOL_CONVERSION = YES;
				CLANG_WARN_COMMA = YES;
				CLANG_WARN_CONSTANT_CONVERSION = YES;
				CLANG_WARN_DIRECT_OBJC_ISA_USAGE = YES_ERROR;
				CLANG_WARN_DOCUMENTATION_COMMENTS = YES;
				CLANG_WARN_EMPTY_BODY = YES;
				CLANG_WARN_ENUM_CONVERSION = YES;
				CLANG_WARN_INFINITE_RECURSION = YES;
				CLANG_WARN_INT_CONVERSION = YES;
				CLANG_WARN_NON_LITERAL_NULL_CONVERSION = YES;
				CLANG_WARN_OBJC_LITERAL_CONVERSION = YES;
				CLANG_WARN_OBJC_ROOT_CLASS = YES_ERROR;
				CLANG_WARN_RANGE_LOOP_ANALYSIS = YES;
				CLANG_WARN_STRICT_PROTOTYPES = YES;
				CLANG_WARN_SUSPICIOUS_MOVE = YES;
				CLANG_WARN_UNGUARDED_AVAILABILITY = YES_AGGRESSIVE;
				CLANG_WARN_UNREACHABLE_CODE = YES;
				CLANG_WARN__DUPLICATE_METHOD_MATCH = YES;
				CODE_SIGN_IDENTITY = "iPhone Developer";
				COPY_PHASE_STRIP = NO;
				DEBUG_INFORMATION_FORMAT = dwarf;
				ENABLE_STRICT_OBJC_MSGSEND = YES;
				ENABLE_TESTABILITY = YES;
				GCC_C_LANGUAGE_STANDARD = gnu11;
				GCC_DYNAMIC_NO_PIC = NO;
				GCC_NO_COMMON_BLOCKS = YES;
				GCC_OPTIMIZATION_LEVEL = 0;
				GCC_PREPROCESSOR_DEFINITIONS = (
					"DEBUG=1",
					"$(inherited)",
				);
				GCC_WARN_64_TO_32_BIT_CONVERSION = YES;
				GCC_WARN_ABOUT_RETURN_TYPE = YES_ERROR;
				GCC_WARN_UNDECLARED_SELECTOR = YES;
				GCC_WARN_UNINITIALIZED_AUTOS = YES_AGGRESSIVE;
				GCC_WARN_UNUSED_FUNCTION = YES;
				GCC_WARN_UNUSED_VARIABLE = YES;
				IPHONEOS_DEPLOYMENT_TARGET = 11.0;
				MTL_ENABLE_DEBUG_INFO = YES;
				ONLY_ACTIVE_ARCH = YES;
				SDKROOT = iphoneos;
				SWIFT_ACTIVE_COMPILATION_CONDITIONS = DEBUG;
				SWIFT_OPTIMIZATION_LEVEL = "-Onone";
			};
			name = Debug;
		};
		57071E871F8A333000E3855B /* Release */ = {
			isa = XCBuildConfiguration;
			buildSettings = {
				ALWAYS_SEARCH_USER_PATHS = NO;
				CLANG_ANALYZER_NONNULL = YES;
				CLANG_ANALYZER_NUMBER_OBJECT_CONVERSION = YES_AGGRESSIVE;
				CLANG_CXX_LANGUAGE_STANDARD = "gnu++14";
				CLANG_CXX_LIBRARY = "libc++";
				CLANG_ENABLE_MODULES = YES;
				CLANG_ENABLE_OBJC_ARC = YES;
				CLANG_WARN_BLOCK_CAPTURE_AUTORELEASING = YES;
				CLANG_WARN_BOOL_CONVERSION = YES;
				CLANG_WARN_COMMA = YES;
				CLANG_WARN_CONSTANT_CONVERSION = YES;
				CLANG_WARN_DIRECT_OBJC_ISA_USAGE = YES_ERROR;
				CLANG_WARN_DOCUMENTATION_COMMENTS = YES;
				CLANG_WARN_EMPTY_BODY = YES;
				CLANG_WARN_ENUM_CONVERSION = YES;
				CLANG_WARN_INFINITE_RECURSION = YES;
				CLANG_WARN_INT_CONVERSION = YES;
				CLANG_WARN_NON_LITERAL_NULL_CONVERSION = YES;
				CLANG_WARN_OBJC_LITERAL_CONVERSION = YES;
				CLANG_WARN_OBJC_ROOT_CLASS = YES_ERROR;
				CLANG_WARN_RANGE_LOOP_ANALYSIS = YES;
				CLANG_WARN_STRICT_PROTOTYPES = YES;
				CLANG_WARN_SUSPICIOUS_MOVE = YES;
				CLANG_WARN_UNGUARDED_AVAILABILITY = YES_AGGRESSIVE;
				CLANG_WARN_UNREACHABLE_CODE = YES;
				CLANG_WARN__DUPLICATE_METHOD_MATCH = YES;
				CODE_SIGN_IDENTITY = "iPhone Developer";
				COPY_PHASE_STRIP = NO;
				DEBUG_INFORMATION_FORMAT = "dwarf-with-dsym";
				ENABLE_NS_ASSERTIONS = NO;
				ENABLE_STRICT_OBJC_MSGSEND = YES;
				GCC_C_LANGUAGE_STANDARD = gnu11;
				GCC_NO_COMMON_BLOCKS = YES;
				GCC_WARN_64_TO_32_BIT_CONVERSION = YES;
				GCC_WARN_ABOUT_RETURN_TYPE = YES_ERROR;
				GCC_WARN_UNDECLARED_SELECTOR = YES;
				GCC_WARN_UNINITIALIZED_AUTOS = YES_AGGRESSIVE;
				GCC_WARN_UNUSED_FUNCTION = YES;
				GCC_WARN_UNUSED_VARIABLE = YES;
				IPHONEOS_DEPLOYMENT_TARGET = 11.0;
				MTL_ENABLE_DEBUG_INFO = NO;
				SDKROOT = iphoneos;
				SWIFT_OPTIMIZATION_LEVEL = "-Owholemodule";
				VALIDATE_PRODUCT = YES;
			};
			name = Release;
		};
		57071E891F8A333000E3855B /* Debug */ = {
			isa = XCBuildConfiguration;
			baseConfigurationReference = 16A1558DD3E6D5822921801B /* Pods-calculator.debug.xcconfig */;
			buildSettings = {
				ASSETCATALOG_COMPILER_APPICON_NAME = AppIcon;
				"CODE_SIGN_IDENTITY[sdk=iphoneos*]" = "iPhone Developer";
				CODE_SIGN_STYLE = Automatic;
				DEVELOPMENT_TEAM = QPB6523ZKB;
				INFOPLIST_FILE = calculator/Info.plist;
				LD_RUNPATH_SEARCH_PATHS = "$(inherited) @executable_path/Frameworks";
				PRODUCT_BUNDLE_IDENTIFIER = com.elsen.tara.calculator;
				PRODUCT_NAME = "$(TARGET_NAME)";
				PROVISIONING_PROFILE_SPECIFIER = "";
				SWIFT_VERSION = 4.0;
				TARGETED_DEVICE_FAMILY = "1,2";
			};
			name = Debug;
		};
		57071E8A1F8A333000E3855B /* Release */ = {
			isa = XCBuildConfiguration;
			baseConfigurationReference = 362374ED0D9B62A7554B61AE /* Pods-calculator.release.xcconfig */;
			buildSettings = {
				ASSETCATALOG_COMPILER_APPICON_NAME = AppIcon;
				"CODE_SIGN_IDENTITY[sdk=iphoneos*]" = "iPhone Developer";
				CODE_SIGN_STYLE = Automatic;
				DEVELOPMENT_TEAM = QPB6523ZKB;
				INFOPLIST_FILE = calculator/Info.plist;
				LD_RUNPATH_SEARCH_PATHS = "$(inherited) @executable_path/Frameworks";
				PRODUCT_BUNDLE_IDENTIFIER = com.elsen.tara.calculator;
				PRODUCT_NAME = "$(TARGET_NAME)";
				PROVISIONING_PROFILE_SPECIFIER = "";
				SWIFT_VERSION = 4.0;
				TARGETED_DEVICE_FAMILY = "1,2";
			};
			name = Release;
		};
		57071E8C1F8A333000E3855B /* Debug */ = {
			isa = XCBuildConfiguration;
			buildSettings = {
				ALWAYS_EMBED_SWIFT_STANDARD_LIBRARIES = YES;
				BUNDLE_LOADER = "$(TEST_HOST)";
				CODE_SIGN_STYLE = Automatic;
				INFOPLIST_FILE = calculatorTests/Info.plist;
				LD_RUNPATH_SEARCH_PATHS = "$(inherited) @executable_path/Frameworks @loader_path/Frameworks";
				PRODUCT_BUNDLE_IDENTIFIER = com.tara.elsen.calculatorTests;
				PRODUCT_NAME = "$(TARGET_NAME)";
				SWIFT_VERSION = 4.0;
				TARGETED_DEVICE_FAMILY = "1,2";
				TEST_HOST = "$(BUILT_PRODUCTS_DIR)/calculator.app/calculator";
			};
			name = Debug;
		};
		57071E8D1F8A333000E3855B /* Release */ = {
			isa = XCBuildConfiguration;
			buildSettings = {
				ALWAYS_EMBED_SWIFT_STANDARD_LIBRARIES = YES;
				BUNDLE_LOADER = "$(TEST_HOST)";
				CODE_SIGN_STYLE = Automatic;
				INFOPLIST_FILE = calculatorTests/Info.plist;
				LD_RUNPATH_SEARCH_PATHS = "$(inherited) @executable_path/Frameworks @loader_path/Frameworks";
				PRODUCT_BUNDLE_IDENTIFIER = com.tara.elsen.calculatorTests;
				PRODUCT_NAME = "$(TARGET_NAME)";
				SWIFT_VERSION = 4.0;
				TARGETED_DEVICE_FAMILY = "1,2";
				TEST_HOST = "$(BUILT_PRODUCTS_DIR)/calculator.app/calculator";
			};
			name = Release;
		};
		57071E8F1F8A333000E3855B /* Debug */ = {
			isa = XCBuildConfiguration;
			buildSettings = {
				ALWAYS_EMBED_SWIFT_STANDARD_LIBRARIES = YES;
				CODE_SIGN_STYLE = Automatic;
				INFOPLIST_FILE = calculatorUITests/Info.plist;
				LD_RUNPATH_SEARCH_PATHS = "$(inherited) @executable_path/Frameworks @loader_path/Frameworks";
				PRODUCT_BUNDLE_IDENTIFIER = com.tara.elsen.calculatorUITests;
				PRODUCT_NAME = "$(TARGET_NAME)";
				SWIFT_VERSION = 4.0;
				TARGETED_DEVICE_FAMILY = "1,2";
				TEST_TARGET_NAME = calculator;
			};
			name = Debug;
		};
		57071E901F8A333000E3855B /* Release */ = {
			isa = XCBuildConfiguration;
			buildSettings = {
				ALWAYS_EMBED_SWIFT_STANDARD_LIBRARIES = YES;
				CODE_SIGN_STYLE = Automatic;
				INFOPLIST_FILE = calculatorUITests/Info.plist;
				LD_RUNPATH_SEARCH_PATHS = "$(inherited) @executable_path/Frameworks @loader_path/Frameworks";
				PRODUCT_BUNDLE_IDENTIFIER = com.tara.elsen.calculatorUITests;
				PRODUCT_NAME = "$(TARGET_NAME)";
				SWIFT_VERSION = 4.0;
				TARGETED_DEVICE_FAMILY = "1,2";
				TEST_TARGET_NAME = calculator;
			};
			name = Release;
		};
/* End XCBuildConfiguration section */

/* Begin XCConfigurationList section */
		57071E5B1F8A332F00E3855B /* Build configuration list for PBXProject "calculator" */ = {
			isa = XCConfigurationList;
			buildConfigurations = (
				57071E861F8A333000E3855B /* Debug */,
				57071E871F8A333000E3855B /* Release */,
			);
			defaultConfigurationIsVisible = 0;
			defaultConfigurationName = Release;
		};
		57071E881F8A333000E3855B /* Build configuration list for PBXNativeTarget "calculator" */ = {
			isa = XCConfigurationList;
			buildConfigurations = (
				57071E891F8A333000E3855B /* Debug */,
				57071E8A1F8A333000E3855B /* Release */,
			);
			defaultConfigurationIsVisible = 0;
			defaultConfigurationName = Release;
		};
		57071E8B1F8A333000E3855B /* Build configuration list for PBXNativeTarget "calculatorTests" */ = {
			isa = XCConfigurationList;
			buildConfigurations = (
				57071E8C1F8A333000E3855B /* Debug */,
				57071E8D1F8A333000E3855B /* Release */,
			);
			defaultConfigurationIsVisible = 0;
			defaultConfigurationName = Release;
		};
		57071E8E1F8A333000E3855B /* Build configuration list for PBXNativeTarget "calculatorUITests" */ = {
			isa = XCConfigurationList;
			buildConfigurations = (
				57071E8F1F8A333000E3855B /* Debug */,
				57071E901F8A333000E3855B /* Release */,
			);
			defaultConfigurationIsVisible = 0;
			defaultConfigurationName = Release;
		};
/* End XCConfigurationList section */
	};
	rootObject = 57071E581F8A332F00E3855B /* Project object */;
}
